
Microsoft Visual Studio Solution File, Format Version 12.00
# Visual Studio Version 16
VisualStudioVersion = 16.0.30907.101
MinimumVisualStudioVersion = 10.0.40219.1
Project("{FAE04EC0-301F-11D3-BF4B-00C04F79EFBC}") = "CarManufacturer", "CarManufacturer\CarManufacturer.csproj", "{7CB27EC9-EFD8-4397-B40E-9187135B44D6}"
EndProject
Global
	GlobalSection(SolutionConfigurationPlatforms) = preSolution
		Debug|Any CPU = Debug|Any CPU
		Release|Any CPU = Release|Any CPU
	EndGlobalSection
	GlobalSection(ProjectConfigurationPlatforms) = postSolution
		{7CB27EC9-EFD8-4397-B40E-9187135B44D6}.Debug|Any CPU.ActiveCfg = Debug|Any CPU
		{7CB27EC9-EFD8-4397-B40E-9187135B44D6}.Debug|Any CPU.Build.0 = Debug|Any CPU
		{7CB27EC9-EFD8-4397-B40E-9187135B44D6}.Release|Any CPU.ActiveCfg = Release|Any CPU
		{7CB27EC9-EFD8-4397-B40E-9187135B44D6}.Release|Any CPU.Build.0 = Release|Any CPU
	EndGlobalSection
	GlobalSection(SolutionProperties) = preSolution
		HideSolutionNode = FALSE
	EndGlobalSection
	GlobalSection(ExtensibilityGlobals) = postSolution
		SolutionGuid = {48C879B2-6108-4F2A-8E8A-B14137F33EB7}
	EndGlobalSection
EndGlobal
