
Microsoft Visual Studio Solution File, Format Version 12.00
# Visual Studio Version 16
VisualStudioVersion = 16.0.30907.101
MinimumVisualStudioVersion = 10.0.40219.1
Project("{FAE04EC0-301F-11D3-BF4B-00C04F79EFBC}") = "1.GenericBoxOfString", "1.GenericBoxOfString\1.GenericBoxOfString.csproj", "{0DA86090-56D5-4593-A1B0-4ACB54C728D6}"
EndProject
Project("{FAE04EC0-301F-11D3-BF4B-00C04F79EFBC}") = "2.GenericBoxOfInteger", "02.GenericBoxOfInteger\2.GenericBoxOfInteger.csproj", "{5A754573-F9BC-4649-976A-72015746F900}"
EndProject
Project("{FAE04EC0-301F-11D3-BF4B-00C04F79EFBC}") = "3.GenericSwapMethodStrings", "3.GenericSwapMethodStrings\3.GenericSwapMethodStrings.csproj", "{45B6FE1D-8469-404D-9329-30180F3C2F47}"
EndProject
Project("{FAE04EC0-301F-11D3-BF4B-00C04F79EFBC}") = "5GenericCountMethodStrings", "5GenericCountMethodStrings\5GenericCountMethodStrings.csproj", "{215F35DC-35B2-4390-8879-D3792F29E6EE}"
EndProject
Project("{FAE04EC0-301F-11D3-BF4B-00C04F79EFBC}") = "7Tuple", "7Tuple\7Tuple.csproj", "{25946C7B-A38F-4714-9669-BDD005260163}"
EndProject
Project("{FAE04EC0-301F-11D3-BF4B-00C04F79EFBC}") = "8Threeuple", "8Threeuple\8Threeuple.csproj", "{3A2F5055-CE13-492F-A4E9-13AD9CA317F9}"
EndProject
Global
	GlobalSection(SolutionConfigurationPlatforms) = preSolution
		Debug|Any CPU = Debug|Any CPU
		Release|Any CPU = Release|Any CPU
	EndGlobalSection
	GlobalSection(ProjectConfigurationPlatforms) = postSolution
		{0DA86090-56D5-4593-A1B0-4ACB54C728D6}.Debug|Any CPU.ActiveCfg = Debug|Any CPU
		{0DA86090-56D5-4593-A1B0-4ACB54C728D6}.Debug|Any CPU.Build.0 = Debug|Any CPU
		{0DA86090-56D5-4593-A1B0-4ACB54C728D6}.Release|Any CPU.ActiveCfg = Release|Any CPU
		{0DA86090-56D5-4593-A1B0-4ACB54C728D6}.Release|Any CPU.Build.0 = Release|Any CPU
		{5A754573-F9BC-4649-976A-72015746F900}.Debug|Any CPU.ActiveCfg = Debug|Any CPU
		{5A754573-F9BC-4649-976A-72015746F900}.Debug|Any CPU.Build.0 = Debug|Any CPU
		{5A754573-F9BC-4649-976A-72015746F900}.Release|Any CPU.ActiveCfg = Release|Any CPU
		{5A754573-F9BC-4649-976A-72015746F900}.Release|Any CPU.Build.0 = Release|Any CPU
		{45B6FE1D-8469-404D-9329-30180F3C2F47}.Debug|Any CPU.ActiveCfg = Debug|Any CPU
		{45B6FE1D-8469-404D-9329-30180F3C2F47}.Debug|Any CPU.Build.0 = Debug|Any CPU
		{45B6FE1D-8469-404D-9329-30180F3C2F47}.Release|Any CPU.ActiveCfg = Release|Any CPU
		{45B6FE1D-8469-404D-9329-30180F3C2F47}.Release|Any CPU.Build.0 = Release|Any CPU
		{215F35DC-35B2-4390-8879-D3792F29E6EE}.Debug|Any CPU.ActiveCfg = Debug|Any CPU
		{215F35DC-35B2-4390-8879-D3792F29E6EE}.Debug|Any CPU.Build.0 = Debug|Any CPU
		{215F35DC-35B2-4390-8879-D3792F29E6EE}.Release|Any CPU.ActiveCfg = Release|Any CPU
		{215F35DC-35B2-4390-8879-D3792F29E6EE}.Release|Any CPU.Build.0 = Release|Any CPU
		{25946C7B-A38F-4714-9669-BDD005260163}.Debug|Any CPU.ActiveCfg = Debug|Any CPU
		{25946C7B-A38F-4714-9669-BDD005260163}.Debug|Any CPU.Build.0 = Debug|Any CPU
		{25946C7B-A38F-4714-9669-BDD005260163}.Release|Any CPU.ActiveCfg = Release|Any CPU
		{25946C7B-A38F-4714-9669-BDD005260163}.Release|Any CPU.Build.0 = Release|Any CPU
		{3A2F5055-CE13-492F-A4E9-13AD9CA317F9}.Debug|Any CPU.ActiveCfg = Debug|Any CPU
		{3A2F5055-CE13-492F-A4E9-13AD9CA317F9}.Debug|Any CPU.Build.0 = Debug|Any CPU
		{3A2F5055-CE13-492F-A4E9-13AD9CA317F9}.Release|Any CPU.ActiveCfg = Release|Any CPU
		{3A2F5055-CE13-492F-A4E9-13AD9CA317F9}.Release|Any CPU.Build.0 = Release|Any CPU
	EndGlobalSection
	GlobalSection(SolutionProperties) = preSolution
		HideSolutionNode = FALSE
	EndGlobalSection
	GlobalSection(ExtensibilityGlobals) = postSolution
		SolutionGuid = {66CB7394-24B7-4889-B562-FFD3061DD127}
	EndGlobalSection
EndGlobal
